
Microsoft Visual Studio Solution File, Format Version 12.00
# Visual Studio Version 17
VisualStudioVersion = 17.0.32112.339
MinimumVisualStudioVersion = 10.0.40219.1
Project("{FAE04EC0-301F-11D3-BF4B-00C04F79EFBC}") = "ProjFilaLivro", "ProjFilaLivro\ProjFilaLivro.csproj", "{8655CDE5-61DF-460C-84F2-3527E8B65BD6}"
EndProject
Global
	GlobalSection(SolutionConfigurationPlatforms) = preSolution
		Debug|Any CPU = Debug|Any CPU
		Release|Any CPU = Release|Any CPU
	EndGlobalSection
	GlobalSection(ProjectConfigurationPlatforms) = postSolution
		{8655CDE5-61DF-460C-84F2-3527E8B65BD6}.Debug|Any CPU.ActiveCfg = Debug|Any CPU
		{8655CDE5-61DF-460C-84F2-3527E8B65BD6}.Debug|Any CPU.Build.0 = Debug|Any CPU
		{8655CDE5-61DF-460C-84F2-3527E8B65BD6}.Release|Any CPU.ActiveCfg = Release|Any CPU
		{8655CDE5-61DF-460C-84F2-3527E8B65BD6}.Release|Any CPU.Build.0 = Release|Any CPU
	EndGlobalSection
	GlobalSection(SolutionProperties) = preSolution
		HideSolutionNode = FALSE
	EndGlobalSection
	GlobalSection(ExtensibilityGlobals) = postSolution
		SolutionGuid = {D91287AC-A8C0-4102-8FB5-A3A495FB356F}
	EndGlobalSection
EndGlobal
